
Microsoft Visual Studio Solution File, Format Version 12.00
# Visual Studio Version 17
VisualStudioVersion = 17.9.34728.123
MinimumVisualStudioVersion = 10.0.40219.1
Project("{FAE04EC0-301F-11D3-BF4B-00C04F79EFBC}") = "Nawar.API", "Nawar.API\Nawar.API.csproj", "{F4CA2EF3-D1E3-4A91-A3AA-9D8E7F22DCAB}"
EndProject
Global
	GlobalSection(SolutionConfigurationPlatforms) = preSolution
		Debug|Any CPU = Debug|Any CPU
		Release|Any CPU = Release|Any CPU
	EndGlobalSection
	GlobalSection(ProjectConfigurationPlatforms) = postSolution
		{F4CA2EF3-D1E3-4A91-A3AA-9D8E7F22DCAB}.Debug|Any CPU.ActiveCfg = Debug|Any CPU
		{F4CA2EF3-D1E3-4A91-A3AA-9D8E7F22DCAB}.Debug|Any CPU.Build.0 = Debug|Any CPU
		{F4CA2EF3-D1E3-4A91-A3AA-9D8E7F22DCAB}.Release|Any CPU.ActiveCfg = Release|Any CPU
		{F4CA2EF3-D1E3-4A91-A3AA-9D8E7F22DCAB}.Release|Any CPU.Build.0 = Release|Any CPU
	EndGlobalSection
	GlobalSection(SolutionProperties) = preSolution
		HideSolutionNode = FALSE
	EndGlobalSection
	GlobalSection(ExtensibilityGlobals) = postSolution
		SolutionGuid = {21D02DD2-F2FA-404C-A36E-DB212F809D75}
	EndGlobalSection
EndGlobal
